
Microsoft Visual Studio Solution File, Format Version 12.00
# Visual Studio Version 17
VisualStudioVersion = 17.2.32602.215
MinimumVisualStudioVersion = 10.0.40219.1
Project("{9A19103F-16F7-4668-BE54-9A1E7A4F7556}") = "SRRSBakery", "SRRSBakery\SRRSBakery.csproj", "{EC35EB80-52A2-4DC2-B268-AC83BA89BC47}"
EndProject
Project("{FAE04EC0-301F-11D3-BF4B-00C04F79EFBC}") = "SRRSBakery API", "SRRSBakery API\SRRSBakery API.csproj", "{63309CCD-2D85-4035-805F-147B3912BCC5}"
EndProject
Global
	GlobalSection(SolutionConfigurationPlatforms) = preSolution
		Debug|Any CPU = Debug|Any CPU
		Release|Any CPU = Release|Any CPU
	EndGlobalSection
	GlobalSection(ProjectConfigurationPlatforms) = postSolution
		{EC35EB80-52A2-4DC2-B268-AC83BA89BC47}.Debug|Any CPU.ActiveCfg = Debug|Any CPU
		{EC35EB80-52A2-4DC2-B268-AC83BA89BC47}.Debug|Any CPU.Build.0 = Debug|Any CPU
		{EC35EB80-52A2-4DC2-B268-AC83BA89BC47}.Release|Any CPU.ActiveCfg = Release|Any CPU
		{EC35EB80-52A2-4DC2-B268-AC83BA89BC47}.Release|Any CPU.Build.0 = Release|Any CPU
		{63309CCD-2D85-4035-805F-147B3912BCC5}.Debug|Any CPU.ActiveCfg = Debug|Any CPU
		{63309CCD-2D85-4035-805F-147B3912BCC5}.Debug|Any CPU.Build.0 = Debug|Any CPU
		{63309CCD-2D85-4035-805F-147B3912BCC5}.Release|Any CPU.ActiveCfg = Release|Any CPU
		{63309CCD-2D85-4035-805F-147B3912BCC5}.Release|Any CPU.Build.0 = Release|Any CPU
	EndGlobalSection
	GlobalSection(SolutionProperties) = preSolution
		HideSolutionNode = FALSE
	EndGlobalSection
	GlobalSection(ExtensibilityGlobals) = postSolution
		SolutionGuid = {168A9618-7595-4C1E-BC2F-6F79B34B9A40}
	EndGlobalSection
EndGlobal
